
Microsoft Visual Studio Solution File, Format Version 12.00
# Visual Studio 2017
Project("{FAE04EC0-301F-11D3-BF4B-00C04F79EFBC}") = "2dTut", "2dTut.csproj", "{0FE9A627-4AE1-1410-9C89-11BD3845CC82}"
EndProject
Global
	GlobalSection(SolutionConfigurationPlatforms) = preSolution
		Debug|Any CPU = Debug|Any CPU
		Release|Any CPU = Release|Any CPU
	EndGlobalSection
	GlobalSection(ProjectConfigurationPlatforms) = postSolution
		{0FE9A627-4AE1-1410-9C89-11BD3845CC82}.Debug|Any CPU.ActiveCfg = Debug|Any CPU
		{0FE9A627-4AE1-1410-9C89-11BD3845CC82}.Debug|Any CPU.Build.0 = Debug|Any CPU
		{0FE9A627-4AE1-1410-9C89-11BD3845CC82}.Release|Any CPU.ActiveCfg = Release|Any CPU
		{0FE9A627-4AE1-1410-9C89-11BD3845CC82}.Release|Any CPU.Build.0 = Release|Any CPU
	EndGlobalSection
	GlobalSection(SolutionProperties) = preSolution
		HideSolutionNode = FALSE
	EndGlobalSection
EndGlobal
